// !$*UTF8*$!
{
	archiveVersion = 1;
	classes = {
	};
	objectVersion = 77;
	objects = {

/* Begin PBXBuildFile section */
		8B35CE122F178F300011D3B4 /* SwiftTerm in Frameworks */ = {isa = PBXBuildFile; productRef = 8B35CE112F178F300011D3B4 /* SwiftTerm */; };
		8B35CE142F178F300011D3B4 /* SwiftTermFuzz in Frameworks */ = {isa = PBXBuildFile; productRef = 8B35CE132F178F300011D3B4 /* SwiftTermFuzz */; };
		8B35CE162F178F300011D3B4 /* termcast in Frameworks */ = {isa = PBXBuildFile; productRef = 8B35CE152F178F300011D3B4 /* termcast */; };
		8B35CE672F17E6910011D3B4 /* urdf in Resources */ = {isa = PBXBuildFile; fileRef = 8B35CE662F17E6910011D3B4 /* urdf */; };
		8B35CE692F17E6A40011D3B4 /* meshes in Resources */ = {isa = PBXBuildFile; fileRef = 8B35CE682F17E6A40011D3B4 /* meshes */; };
/* End PBXBuildFile section */

/* Begin PBXContainerItemProxy section */
		8B35CD362F175A730011D3B4 /* PBXContainerItemProxy */ = {
			isa = PBXContainerItemProxy;
			containerPortal = 8B35CD1F2F175A710011D3B4 /* Project object */;
			proxyType = 1;
			remoteGlobalIDString = 8B35CD262F175A710011D3B4;
			remoteInfo = "Control Center";
		};
		8B35CD402F175A730011D3B4 /* PBXContainerItemProxy */ = {
			isa = PBXContainerItemProxy;
			containerPortal = 8B35CD1F2F175A710011D3B4 /* Project object */;
			proxyType = 1;
			remoteGlobalIDString = 8B35CD262F175A710011D3B4;
			remoteInfo = "Control Center";
		};
/* End PBXContainerItemProxy section */

/* Begin PBXFileReference section */
		8B35CD272F175A710011D3B4 /* Control Center.app */ = {isa = PBXFileReference; explicitFileType = wrapper.application; includeInIndex = 0; path = "Control Center.app"; sourceTree = BUILT_PRODUCTS_DIR; };
		8B35CD352F175A730011D3B4 /* Control CenterTests.xctest */ = {isa = PBXFileReference; explicitFileType = wrapper.cfbundle; includeInIndex = 0; path = "Control CenterTests.xctest"; sourceTree = BUILT_PRODUCTS_DIR; };
		8B35CD3F2F175A730011D3B4 /* Control CenterUITests.xctest */ = {isa = PBXFileReference; explicitFileType = wrapper.cfbundle; includeInIndex = 0; path = "Control CenterUITests.xctest"; sourceTree = BUILT_PRODUCTS_DIR; };
		8B35CE662F17E6910011D3B4 /* urdf */ = {isa = PBXFileReference; lastKnownFileType = folder; path = urdf; sourceTree = "<group>"; };
		8B35CE682F17E6A40011D3B4 /* meshes */ = {isa = PBXFileReference; lastKnownFileType = folder; path = meshes; sourceTree = "<group>"; };
/* End PBXFileReference section */

/* Begin PBXFileSystemSynchronizedBuildFileExceptionSet section */
		8B35CE5B2F17E6720011D3B4 /* Exceptions for "Control Center" folder in "Control Center" target */ = {
			isa = PBXFileSystemSynchronizedBuildFileExceptionSet;
			membershipExceptions = (
				meshes/ArmL.STL,
				meshes/ArmR.STL,
				meshes/DrumRevL.STL,
				meshes/DrumRevR.STL,
				meshes/Frame.STL,
				meshes/WheelFL.STL,
				meshes/WheelFR.STL,
				meshes/WheelRL.STL,
				meshes/WheelRR.STL,
				urdf/Assem1.csv,
				urdf/Assem1.urdf,
			);
			target = 8B35CD262F175A710011D3B4 /* Control Center */;
		};
/* End PBXFileSystemSynchronizedBuildFileExceptionSet section */

/* Begin PBXFileSystemSynchronizedRootGroup section */
		8B35CD292F175A710011D3B4 /* Control Center */ = {
			isa = PBXFileSystemSynchronizedRootGroup;
			exceptions = (
				8B35CE5B2F17E6720011D3B4 /* Exceptions for "Control Center" folder in "Control Center" target */,
			);
			path = "Control Center";
			sourceTree = "<group>";
		};
		8B35CD382F175A730011D3B4 /* Control CenterTests */ = {
			isa = PBXFileSystemSynchronizedRootGroup;
			path = "Control CenterTests";
			sourceTree = "<group>";
		};
		8B35CD422F175A730011D3B4 /* Control CenterUITests */ = {
			isa = PBXFileSystemSynchronizedRootGroup;
			path = "Control CenterUITests";
			sourceTree = "<group>";
		};
/* End PBXFileSystemSynchronizedRootGroup section */

/* Begin PBXFrameworksBuildPhase section */
		8B35CD242F175A710011D3B4 /* Frameworks */ = {
			isa = PBXFrameworksBuildPhase;
			buildActionMask = 2147483647;
			files = (
				8B35CE122F178F300011D3B4 /* SwiftTerm in Frameworks */,
				8B35CE142F178F300011D3B4 /* SwiftTermFuzz in Frameworks */,
				8B35CE162F178F300011D3B4 /* termcast in Frameworks */,
			);
			runOnlyForDeploymentPostprocessing = 0;
		};
		8B35CD322F175A730011D3B4 /* Frameworks */ = {
			isa = PBXFrameworksBuildPhase;
			buildActionMask = 2147483647;
			files = (
			);
			runOnlyForDeploymentPostprocessing = 0;
		};
		8B35CD3C2F175A730011D3B4 /* Frameworks */ = {
			isa = PBXFrameworksBuildPhase;
			buildActionMask = 2147483647;
			files = (
			);
			runOnlyForDeploymentPostprocessing = 0;
		};
/* End PBXFrameworksBuildPhase section */

/* Begin PBXGroup section */
		8B35CD1E2F175A710011D3B4 = {
			isa = PBXGroup;
			children = (
				8B35CE682F17E6A40011D3B4 /* meshes */,
				8B35CE662F17E6910011D3B4 /* urdf */,
				8B35CD292F175A710011D3B4 /* Control Center */,
				8B35CD382F175A730011D3B4 /* Control CenterTests */,
				8B35CD422F175A730011D3B4 /* Control CenterUITests */,
				8B35CD282F175A710011D3B4 /* Products */,
			);
			sourceTree = "<group>";
		};
		8B35CD282F175A710011D3B4 /* Products */ = {
			isa = PBXGroup;
			children = (
				8B35CD272F175A710011D3B4 /* Control Center.app */,
				8B35CD352F175A730011D3B4 /* Control CenterTests.xctest */,
				8B35CD3F2F175A730011D3B4 /* Control CenterUITests.xctest */,
			);
			name = Products;
			sourceTree = "<group>";
		};
/* End PBXGroup section */

/* Begin PBXNativeTarget section */
		8B35CD262F175A710011D3B4 /* Control Center */ = {
			isa = PBXNativeTarget;
			buildConfigurationList = 8B35CD492F175A730011D3B4 /* Build configuration list for PBXNativeTarget "Control Center" */;
			buildPhases = (
				8B35CD232F175A710011D3B4 /* Sources */,
				8B35CD242F175A710011D3B4 /* Frameworks */,
				8B35CD252F175A710011D3B4 /* Resources */,
			);
			buildRules = (
			);
			dependencies = (
			);
			fileSystemSynchronizedGroups = (
				8B35CD292F175A710011D3B4 /* Control Center */,
			);
			name = "Control Center";
			packageProductDependencies = (
				8B35CE112F178F300011D3B4 /* SwiftTerm */,
				8B35CE132F178F300011D3B4 /* SwiftTermFuzz */,
				8B35CE152F178F300011D3B4 /* termcast */,
			);
			productName = "Control Center";
			productReference = 8B35CD272F175A710011D3B4 /* Control Center.app */;
			productType = "com.apple.product-type.application";
		};
		8B35CD342F175A730011D3B4 /* Control CenterTests */ = {
			isa = PBXNativeTarget;
			buildConfigurationList = 8B35CD4C2F175A730011D3B4 /* Build configuration list for PBXNativeTarget "Control CenterTests" */;
			buildPhases = (
				8B35CD312F175A730011D3B4 /* Sources */,
				8B35CD322F175A730011D3B4 /* Frameworks */,
				8B35CD332F175A730011D3B4 /* Resources */,
			);
			buildRules = (
			);
			dependencies = (
				8B35CD372F175A730011D3B4 /* PBXTargetDependency */,
			);
			fileSystemSynchronizedGroups = (
				8B35CD382F175A730011D3B4 /* Control CenterTests */,
			);
			name = "Control CenterTests";
			packageProductDependencies = (
			);
			productName = "Control CenterTests";
			productReference = 8B35CD352F175A730011D3B4 /* Control CenterTests.xctest */;
			productType = "com.apple.product-type.bundle.unit-test";
		};
		8B35CD3E2F175A730011D3B4 /* Control CenterUITests */ = {
			isa = PBXNativeTarget;
			buildConfigurationList = 8B35CD4F2F175A730011D3B4 /* Build configuration list for PBXNativeTarget "Control CenterUITests" */;
			buildPhases = (
				8B35CD3B2F175A730011D3B4 /* Sources */,
				8B35CD3C2F175A730011D3B4 /* Frameworks */,
				8B35CD3D2F175A730011D3B4 /* Resources */,
			);
			buildRules = (
			);
			dependencies = (
				8B35CD412F175A730011D3B4 /* PBXTargetDependency */,
			);
			fileSystemSynchronizedGroups = (
				8B35CD422F175A730011D3B4 /* Control CenterUITests */,
			);
			name = "Control CenterUITests";
			packageProductDependencies = (
			);
			productName = "Control CenterUITests";
			productReference = 8B35CD3F2F175A730011D3B4 /* Control CenterUITests.xctest */;
			productType = "com.apple.product-type.bundle.ui-testing";
		};
/* End PBXNativeTarget section */

/* Begin PBXProject section */
		8B35CD1F2F175A710011D3B4 /* Project object */ = {
			isa = PBXProject;
			attributes = {
				BuildIndependentTargetsInParallel = 1;
				LastSwiftUpdateCheck = 1640;
				LastUpgradeCheck = 1640;
				TargetAttributes = {
					8B35CD262F175A710011D3B4 = {
						CreatedOnToolsVersion = 16.4;
					};
					8B35CD342F175A730011D3B4 = {
						CreatedOnToolsVersion = 16.4;
						TestTargetID = 8B35CD262F175A710011D3B4;
					};
					8B35CD3E2F175A730011D3B4 = {
						CreatedOnToolsVersion = 16.4;
						TestTargetID = 8B35CD262F175A710011D3B4;
					};
				};
			};
			buildConfigurationList = 8B35CD222F175A710011D3B4 /* Build configuration list for PBXProject "Control Center" */;
			developmentRegion = en;
			hasScannedForEncodings = 0;
			knownRegions = (
				en,
				Base,
			);
			mainGroup = 8B35CD1E2F175A710011D3B4;
			minimizedProjectReferenceProxies = 1;
			packageReferences = (
				8B35CE102F178F2F0011D3B4 /* XCRemoteSwiftPackageReference "SwiftTerm" */,
			);
			preferredProjectObjectVersion = 77;
			productRefGroup = 8B35CD282F175A710011D3B4 /* Products */;
			projectDirPath = "";
			projectRoot = "";
			targets = (
				8B35CD262F175A710011D3B4 /* Control Center */,
				8B35CD342F175A730011D3B4 /* Control CenterTests */,
				8B35CD3E2F175A730011D3B4 /* Control CenterUITests */,
			);
		};
/* End PBXProject section */

/* Begin PBXResourcesBuildPhase section */
		8B35CD252F175A710011D3B4 /* Resources */ = {
			isa = PBXResourcesBuildPhase;
			buildActionMask = 2147483647;
			files = (
				8B35CE692F17E6A40011D3B4 /* meshes in Resources */,
				8B35CE672F17E6910011D3B4 /* urdf in Resources */,
			);
			runOnlyForDeploymentPostprocessing = 0;
		};
		8B35CD332F175A730011D3B4 /* Resources */ = {
			isa = PBXResourcesBuildPhase;
			buildActionMask = 2147483647;
			files = (
			);
			runOnlyForDeploymentPostprocessing = 0;
		};
		8B35CD3D2F175A730011D3B4 /* Resources */ = {
			isa = PBXResourcesBuildPhase;
			buildActionMask = 2147483647;
			files = (
			);
			runOnlyForDeploymentPostprocessing = 0;
		};
/* End PBXResourcesBuildPhase section */

/* Begin PBXSourcesBuildPhase section */
		8B35CD232F175A710011D3B4 /* Sources */ = {
			isa = PBXSourcesBuildPhase;
			buildActionMask = 2147483647;
			files = (
			);
			runOnlyForDeploymentPostprocessing = 0;
		};
		8B35CD312F175A730011D3B4 /* Sources */ = {
			isa = PBXSourcesBuildPhase;
			buildActionMask = 2147483647;
			files = (
			);
			runOnlyForDeploymentPostprocessing = 0;
		};
		8B35CD3B2F175A730011D3B4 /* Sources */ = {
			isa = PBXSourcesBuildPhase;
			buildActionMask = 2147483647;
			files = (
			);
			runOnlyForDeploymentPostprocessing = 0;
		};
/* End PBXSourcesBuildPhase section */

/* Begin PBXTargetDependency section */
		8B35CD372F175A730011D3B4 /* PBXTargetDependency */ = {
			isa = PBXTargetDependency;
			target = 8B35CD262F175A710011D3B4 /* Control Center */;
			targetProxy = 8B35CD362F175A730011D3B4 /* PBXContainerItemProxy */;
		};
		8B35CD412F175A730011D3B4 /* PBXTargetDependency */ = {
			isa = PBXTargetDependency;
			target = 8B35CD262F175A710011D3B4 /* Control Center */;
			targetProxy = 8B35CD402F175A730011D3B4 /* PBXContainerItemProxy */;
		};
/* End PBXTargetDependency section */

/* Begin XCBuildConfiguration section */
		8B35CD472F175A730011D3B4 /* Debug */ = {
			isa = XCBuildConfiguration;
			buildSettings = {
				ALWAYS_SEARCH_USER_PATHS = NO;
				ASSETCATALOG_COMPILER_GENERATE_SWIFT_ASSET_SYMBOL_EXTENSIONS = YES;
				CLANG_ANALYZER_NONNULL = YES;
				CLANG_ANALYZER_NUMBER_OBJECT_CONVERSION = YES_AGGRESSIVE;
				CLANG_CXX_LANGUAGE_STANDARD = "gnu++20";
				CLANG_ENABLE_MODULES = YES;
				CLANG_ENABLE_OBJC_ARC = YES;
				CLANG_ENABLE_OBJC_WEAK = YES;
				CLANG_WARN_BLOCK_CAPTURE_AUTORELEASING = YES;
				CLANG_WARN_BOOL_CONVERSION = YES;
				CLANG_WARN_COMMA = YES;
				CLANG_WARN_CONSTANT_CONVERSION = YES;
				CLANG_WARN_DEPRECATED_OBJC_IMPLEMENTATIONS = YES;
				CLANG_WARN_DIRECT_OBJC_ISA_USAGE = YES_ERROR;
				CLANG_WARN_DOCUMENTATION_COMMENTS = YES;
				CLANG_WARN_EMPTY_BODY = YES;
				CLANG_WARN_ENUM_CONVERSION = YES;
				CLANG_WARN_INFINITE_RECURSION = YES;
				CLANG_WARN_INT_CONVERSION = YES;
				CLANG_WARN_NON_LITERAL_NULL_CONVERSION = YES;
				CLANG_WARN_OBJC_IMPLICIT_RETAIN_SELF = YES;
				CLANG_WARN_OBJC_LITERAL_CONVERSION = YES;
				CLANG_WARN_OBJC_ROOT_CLASS = YES_ERROR;
				CLANG_WARN_QUOTED_INCLUDE_IN_FRAMEWORK_HEADER = YES;
				CLANG_WARN_RANGE_LOOP_ANALYSIS = YES;
				CLANG_WARN_STRICT_PROTOTYPES = YES;
				CLANG_WARN_SUSPICIOUS_MOVE = YES;
				CLANG_WARN_UNGUARDED_AVAILABILITY = YES_AGGRESSIVE;
				CLANG_WARN_UNREACHABLE_CODE = YES;
				CLANG_WARN__DUPLICATE_METHOD_MATCH = YES;
				COPY_PHASE_STRIP = NO;
				DEBUG_INFORMATION_FORMAT = dwarf;
				DEVELOPMENT_TEAM = R468B3M52S;
				ENABLE_STRICT_OBJC_MSGSEND = YES;
				ENABLE_TESTABILITY = YES;
				ENABLE_USER_SCRIPT_SANDBOXING = YES;
				GCC_C_LANGUAGE_STANDARD = gnu17;
				GCC_DYNAMIC_NO_PIC = NO;
				GCC_NO_COMMON_BLOCKS = YES;
				GCC_OPTIMIZATION_LEVEL = 0;
				GCC_PREPROCESSOR_DEFINITIONS = (
					"DEBUG=1",
					"$(inherited)",
				);
				GCC_WARN_64_TO_32_BIT_CONVERSION = YES;
				GCC_WARN_ABOUT_RETURN_TYPE = YES_ERROR;
				GCC_WARN_UNDECLARED_SELECTOR = YES;
				GCC_WARN_UNINITIALIZED_AUTOS = YES_AGGRESSIVE;
				GCC_WARN_UNUSED_FUNCTION = YES;
				GCC_WARN_UNUSED_VARIABLE = YES;
				LOCALIZATION_PREFERS_STRING_CATALOGS = YES;
				MACOSX_DEPLOYMENT_TARGET = 15.3;
				MTL_ENABLE_DEBUG_INFO = INCLUDE_SOURCE;
				MTL_FAST_MATH = YES;
				ONLY_ACTIVE_ARCH = YES;
				SDKROOT = macosx;
				SWIFT_ACTIVE_COMPILATION_CONDITIONS = "DEBUG $(inherited)";
				SWIFT_OPTIMIZATION_LEVEL = "-Onone";
			};
			name = Debug;
		};
		8B35CD482F175A730011D3B4 /* Release */ = {
			isa = XCBuildConfiguration;
			buildSettings = {
				ALWAYS_SEARCH_USER_PATHS = NO;
				ASSETCATALOG_COMPILER_GENERATE_SWIFT_ASSET_SYMBOL_EXTENSIONS = YES;
				CLANG_ANALYZER_NONNULL = YES;
				CLANG_ANALYZER_NUMBER_OBJECT_CONVERSION = YES_AGGRESSIVE;
				CLANG_CXX_LANGUAGE_STANDARD = "gnu++20";
				CLANG_ENABLE_MODULES = YES;
				CLANG_ENABLE_OBJC_ARC = YES;
				CLANG_ENABLE_OBJC_WEAK = YES;
				CLANG_WARN_BLOCK_CAPTURE_AUTORELEASING = YES;
				CLANG_WARN_BOOL_CONVERSION = YES;
				CLANG_WARN_COMMA = YES;
				CLANG_WARN_CONSTANT_CONVERSION = YES;
				CLANG_WARN_DEPRECATED_OBJC_IMPLEMENTATIONS = YES;
				CLANG_WARN_DIRECT_OBJC_ISA_USAGE = YES_ERROR;
				CLANG_WARN_DOCUMENTATION_COMMENTS = YES;
				CLANG_WARN_EMPTY_BODY = YES;
				CLANG_WARN_ENUM_CONVERSION = YES;
				CLANG_WARN_INFINITE_RECURSION = YES;
				CLANG_WARN_INT_CONVERSION = YES;
				CLANG_WARN_NON_LITERAL_NULL_CONVERSION = YES;
				CLANG_WARN_OBJC_IMPLICIT_RETAIN_SELF = YES;
				CLANG_WARN_OBJC_LITERAL_CONVERSION = YES;
				CLANG_WARN_OBJC_ROOT_CLASS = YES_ERROR;
				CLANG_WARN_QUOTED_INCLUDE_IN_FRAMEWORK_HEADER = YES;
				CLANG_WARN_RANGE_LOOP_ANALYSIS = YES;
				CLANG_WARN_STRICT_PROTOTYPES = YES;
				CLANG_WARN_SUSPICIOUS_MOVE = YES;
				CLANG_WARN_UNGUARDED_AVAILABILITY = YES_AGGRESSIVE;
				CLANG_WARN_UNREACHABLE_CODE = YES;
				CLANG_WARN__DUPLICATE_METHOD_MATCH = YES;
				COPY_PHASE_STRIP = NO;
				DEBUG_INFORMATION_FORMAT = "dwarf-with-dsym";
				DEVELOPMENT_TEAM = R468B3M52S;
				ENABLE_NS_ASSERTIONS = NO;
				ENABLE_STRICT_OBJC_MSGSEND = YES;
				ENABLE_USER_SCRIPT_SANDBOXING = YES;
				GCC_C_LANGUAGE_STANDARD = gnu17;
				GCC_NO_COMMON_BLOCKS = YES;
				GCC_WARN_64_TO_32_BIT_CONVERSION = YES;
				GCC_WARN_ABOUT_RETURN_TYPE = YES_ERROR;
				GCC_WARN_UNDECLARED_SELECTOR = YES;
				GCC_WARN_UNINITIALIZED_AUTOS = YES_AGGRESSIVE;
				GCC_WARN_UNUSED_FUNCTION = YES;
				GCC_WARN_UNUSED_VARIABLE = YES;
				LOCALIZATION_PREFERS_STRING_CATALOGS = YES;
				MACOSX_DEPLOYMENT_TARGET = 15.3;
				MTL_ENABLE_DEBUG_INFO = NO;
				MTL_FAST_MATH = YES;
				SDKROOT = macosx;
				SWIFT_COMPILATION_MODE = wholemodule;
			};
			name = Release;
		};
		8B35CD4A2F175A730011D3B4 /* Debug */ = {
			isa = XCBuildConfiguration;
			buildSettings = {
				ASSETCATALOG_COMPILER_APPICON_NAME = AppIcon;
				ASSETCATALOG_COMPILER_GLOBAL_ACCENT_COLOR_NAME = AccentColor;
				CODE_SIGN_ENTITLEMENTS = "Control Center/Control_Center.entitlements";
				CODE_SIGN_STYLE = Automatic;
				COMBINE_HIDPI_IMAGES = YES;
				CURRENT_PROJECT_VERSION = 1;
				DEVELOPMENT_TEAM = R468B3M52S;
				ENABLE_HARDENED_RUNTIME = YES;
				ENABLE_PREVIEWS = YES;
				GENERATE_INFOPLIST_FILE = YES;
				INFOPLIST_KEY_NSHumanReadableCopyright = "";
				LD_RUNPATH_SEARCH_PATHS = (
					"$(inherited)",
					"@executable_path/../Frameworks",
				);
				MARKETING_VERSION = 1.0;
				PRODUCT_BUNDLE_IDENTIFIER = "ub-lunabotics.Control-Center";
				PRODUCT_NAME = "$(TARGET_NAME)";
				REGISTER_APP_GROUPS = YES;
				SWIFT_EMIT_LOC_STRINGS = YES;
				SWIFT_VERSION = 5.0;
			};
			name = Debug;
		};
		8B35CD4B2F175A730011D3B4 /* Release */ = {
			isa = XCBuildConfiguration;
			buildSettings = {
				ASSETCATALOG_COMPILER_APPICON_NAME = AppIcon;
				ASSETCATALOG_COMPILER_GLOBAL_ACCENT_COLOR_NAME = AccentColor;
				CODE_SIGN_ENTITLEMENTS = "Control Center/Control_Center.entitlements";
				CODE_SIGN_STYLE = Automatic;
				COMBINE_HIDPI_IMAGES = YES;
				CURRENT_PROJECT_VERSION = 1;
				DEVELOPMENT_TEAM = R468B3M52S;
				ENABLE_HARDENED_RUNTIME = YES;
				ENABLE_PREVIEWS = YES;
				GENERATE_INFOPLIST_FILE = YES;
				INFOPLIST_KEY_NSHumanReadableCopyright = "";
				LD_RUNPATH_SEARCH_PATHS = (
					"$(inherited)",
					"@executable_path/../Frameworks",
				);
				MARKETING_VERSION = 1.0;
				PRODUCT_BUNDLE_IDENTIFIER = "ub-lunabotics.Control-Center";
				PRODUCT_NAME = "$(TARGET_NAME)";
				REGISTER_APP_GROUPS = YES;
				SWIFT_EMIT_LOC_STRINGS = YES;
				SWIFT_VERSION = 5.0;
			};
			name = Release;
		};
		8B35CD4D2F175A730011D3B4 /* Debug */ = {
			isa = XCBuildConfiguration;
			buildSettings = {
				BUNDLE_LOADER = "$(TEST_HOST)";
				CODE_SIGN_STYLE = Automatic;
				CURRENT_PROJECT_VERSION = 1;
				DEVELOPMENT_TEAM = R468B3M52S;
				GENERATE_INFOPLIST_FILE = YES;
				MACOSX_DEPLOYMENT_TARGET = 15.3;
				MARKETING_VERSION = 1.0;
				PRODUCT_BUNDLE_IDENTIFIER = "ub-lunabotics.Control-CenterTests";
				PRODUCT_NAME = "$(TARGET_NAME)";
				SWIFT_EMIT_LOC_STRINGS = NO;
				SWIFT_VERSION = 5.0;
				TEST_HOST = "$(BUILT_PRODUCTS_DIR)/Control Center.app/$(BUNDLE_EXECUTABLE_FOLDER_PATH)/Control Center";
			};
			name = Debug;
		};
		8B35CD4E2F175A730011D3B4 /* Release */ = {
			isa = XCBuildConfiguration;
			buildSettings = {
				BUNDLE_LOADER = "$(TEST_HOST)";
				CODE_SIGN_STYLE = Automatic;
				CURRENT_PROJECT_VERSION = 1;
				DEVELOPMENT_TEAM = R468B3M52S;
				GENERATE_INFOPLIST_FILE = YES;
				MACOSX_DEPLOYMENT_TARGET = 15.3;
				MARKETING_VERSION = 1.0;
				PRODUCT_BUNDLE_IDENTIFIER = "ub-lunabotics.Control-CenterTests";
				PRODUCT_NAME = "$(TARGET_NAME)";
				SWIFT_EMIT_LOC_STRINGS = NO;
				SWIFT_VERSION = 5.0;
				TEST_HOST = "$(BUILT_PRODUCTS_DIR)/Control Center.app/$(BUNDLE_EXECUTABLE_FOLDER_PATH)/Control Center";
			};
			name = Release;
		};
		8B35CD502F175A730011D3B4 /* Debug */ = {
			isa = XCBuildConfiguration;
			buildSettings = {
				CODE_SIGN_STYLE = Automatic;
				CURRENT_PROJECT_VERSION = 1;
				DEVELOPMENT_TEAM = R468B3M52S;
				GENERATE_INFOPLIST_FILE = YES;
				MARKETING_VERSION = 1.0;
				PRODUCT_BUNDLE_IDENTIFIER = "ub-lunabotics.Control-CenterUITests";
				PRODUCT_NAME = "$(TARGET_NAME)";
				SWIFT_EMIT_LOC_STRINGS = NO;
				SWIFT_VERSION = 5.0;
				TEST_TARGET_NAME = "Control Center";
			};
			name = Debug;
		};
		8B35CD512F175A730011D3B4 /* Release */ = {
			isa = XCBuildConfiguration;
			buildSettings = {
				CODE_SIGN_STYLE = Automatic;
				CURRENT_PROJECT_VERSION = 1;
				DEVELOPMENT_TEAM = R468B3M52S;
				GENERATE_INFOPLIST_FILE = YES;
				MARKETING_VERSION = 1.0;
				PRODUCT_BUNDLE_IDENTIFIER = "ub-lunabotics.Control-CenterUITests";
				PRODUCT_NAME = "$(TARGET_NAME)";
				SWIFT_EMIT_LOC_STRINGS = NO;
				SWIFT_VERSION = 5.0;
				TEST_TARGET_NAME = "Control Center";
			};
			name = Release;
		};
/* End XCBuildConfiguration section */

/* Begin XCConfigurationList section */
		8B35CD222F175A710011D3B4 /* Build configuration list for PBXProject "Control Center" */ = {
			isa = XCConfigurationList;
			buildConfigurations = (
				8B35CD472F175A730011D3B4 /* Debug */,
				8B35CD482F175A730011D3B4 /* Release */,
			);
			defaultConfigurationIsVisible = 0;
			defaultConfigurationName = Release;
		};
		8B35CD492F175A730011D3B4 /* Build configuration list for PBXNativeTarget "Control Center" */ = {
			isa = XCConfigurationList;
			buildConfigurations = (
				8B35CD4A2F175A730011D3B4 /* Debug */,
				8B35CD4B2F175A730011D3B4 /* Release */,
			);
			defaultConfigurationIsVisible = 0;
			defaultConfigurationName = Release;
		};
		8B35CD4C2F175A730011D3B4 /* Build configuration list for PBXNativeTarget "Control CenterTests" */ = {
			isa = XCConfigurationList;
			buildConfigurations = (
				8B35CD4D2F175A730011D3B4 /* Debug */,
				8B35CD4E2F175A730011D3B4 /* Release */,
			);
			defaultConfigurationIsVisible = 0;
			defaultConfigurationName = Release;
		};
		8B35CD4F2F175A730011D3B4 /* Build configuration list for PBXNativeTarget "Control CenterUITests" */ = {
			isa = XCConfigurationList;
			buildConfigurations = (
				8B35CD502F175A730011D3B4 /* Debug */,
				8B35CD512F175A730011D3B4 /* Release */,
			);
			defaultConfigurationIsVisible = 0;
			defaultConfigurationName = Release;
		};
/* End XCConfigurationList section */

/* Begin XCRemoteSwiftPackageReference section */
		8B35CE102F178F2F0011D3B4 /* XCRemoteSwiftPackageReference "SwiftTerm" */ = {
			isa = XCRemoteSwiftPackageReference;
			repositoryURL = "https://github.com/migueldeicaza/SwiftTerm";
			requirement = {
				kind = upToNextMajorVersion;
				minimumVersion = 1.5.0;
			};
		};
/* End XCRemoteSwiftPackageReference section */

/* Begin XCSwiftPackageProductDependency section */
		8B35CE112F178F300011D3B4 /* SwiftTerm */ = {
			isa = XCSwiftPackageProductDependency;
			package = 8B35CE102F178F2F0011D3B4 /* XCRemoteSwiftPackageReference "SwiftTerm" */;
			productName = SwiftTerm;
		};
		8B35CE132F178F300011D3B4 /* SwiftTermFuzz */ = {
			isa = XCSwiftPackageProductDependency;
			package = 8B35CE102F178F2F0011D3B4 /* XCRemoteSwiftPackageReference "SwiftTerm" */;
			productName = SwiftTermFuzz;
		};
		8B35CE152F178F300011D3B4 /* termcast */ = {
			isa = XCSwiftPackageProductDependency;
			package = 8B35CE102F178F2F0011D3B4 /* XCRemoteSwiftPackageReference "SwiftTerm" */;
			productName = termcast;
		};
/* End XCSwiftPackageProductDependency section */
	};
	rootObject = 8B35CD1F2F175A710011D3B4 /* Project object */;
}
